
Microsoft Visual Studio Solution File, Format Version 12.00
# Visual Studio Version 17
VisualStudioVersion = 17.6.33829.357
MinimumVisualStudioVersion = 10.0.40219.1
Project("{FAE04EC0-301F-11D3-BF4B-00C04F79EFBC}") = "BattleshipLiteLibrary", "BattleshipLiteLibrary\BattleshipLiteLibrary.csproj", "{37B06A74-5E49-4741-B7AD-D6D672346712}"
EndProject
Project("{FAE04EC0-301F-11D3-BF4B-00C04F79EFBC}") = "BattleshipLite", "BattleshipLite\BattleshipLite.csproj", "{09EF6A6D-2453-480F-BFC1-EA6057D22855}"
EndProject
Global
	GlobalSection(SolutionConfigurationPlatforms) = preSolution
		Debug|Any CPU = Debug|Any CPU
		Release|Any CPU = Release|Any CPU
	EndGlobalSection
	GlobalSection(ProjectConfigurationPlatforms) = postSolution
		{37B06A74-5E49-4741-B7AD-D6D672346712}.Debug|Any CPU.ActiveCfg = Debug|Any CPU
		{37B06A74-5E49-4741-B7AD-D6D672346712}.Debug|Any CPU.Build.0 = Debug|Any CPU
		{37B06A74-5E49-4741-B7AD-D6D672346712}.Release|Any CPU.ActiveCfg = Release|Any CPU
		{37B06A74-5E49-4741-B7AD-D6D672346712}.Release|Any CPU.Build.0 = Release|Any CPU
		{09EF6A6D-2453-480F-BFC1-EA6057D22855}.Debug|Any CPU.ActiveCfg = Debug|Any CPU
		{09EF6A6D-2453-480F-BFC1-EA6057D22855}.Debug|Any CPU.Build.0 = Debug|Any CPU
		{09EF6A6D-2453-480F-BFC1-EA6057D22855}.Release|Any CPU.ActiveCfg = Release|Any CPU
		{09EF6A6D-2453-480F-BFC1-EA6057D22855}.Release|Any CPU.Build.0 = Release|Any CPU
	EndGlobalSection
	GlobalSection(SolutionProperties) = preSolution
		HideSolutionNode = FALSE
	EndGlobalSection
	GlobalSection(ExtensibilityGlobals) = postSolution
		SolutionGuid = {0034B00A-86C1-4220-A7D4-5437743EDCC4}
	EndGlobalSection
EndGlobal
